
Microsoft Visual Studio Solution File, Format Version 12.00
# Visual Studio Version 17
VisualStudioVersion = 17.11.35327.3
MinimumVisualStudioVersion = 10.0.40219.1
Project("{FAE04EC0-301F-11D3-BF4B-00C04F79EFBC}") = "DemoGreenRunner", "DemoGreenRunner\DemoGreenRunner.csproj", "{80DF62BE-346F-49A2-99A7-DC30E5D87743}"
EndProject
Global
	GlobalSection(SolutionConfigurationPlatforms) = preSolution
		Debug|Any CPU = Debug|Any CPU
		Release|Any CPU = Release|Any CPU
	EndGlobalSection
	GlobalSection(ProjectConfigurationPlatforms) = postSolution
		{80DF62BE-346F-49A2-99A7-DC30E5D87743}.Debug|Any CPU.ActiveCfg = Debug|Any CPU
		{80DF62BE-346F-49A2-99A7-DC30E5D87743}.Debug|Any CPU.Build.0 = Debug|Any CPU
		{80DF62BE-346F-49A2-99A7-DC30E5D87743}.Release|Any CPU.ActiveCfg = Release|Any CPU
		{80DF62BE-346F-49A2-99A7-DC30E5D87743}.Release|Any CPU.Build.0 = Release|Any CPU
	EndGlobalSection
	GlobalSection(SolutionProperties) = preSolution
		HideSolutionNode = FALSE
	EndGlobalSection
	GlobalSection(ExtensibilityGlobals) = postSolution
		SolutionGuid = {E456D159-1783-4759-9B8B-367A87104600}
	EndGlobalSection
EndGlobal
